{
  "object": {
    "pins": [
      {
        "package": "Kingfisher",
        "repositoryURL": "https://github.com/onevcat/Kingfisher.git",
        "state": {
          "branch": null,
          "revision": "318e319998bf555c3e914d5c3adb6da05af86a32",
          "version": "7.1.1"
        }
      },
      {
        "package": "PromiseKit",
        "repositoryURL": "https://github.com/mxcl/PromiseKit",
        "state": {
          "branch": "v6",
          "revision": "2ff97931d2721ecae9f94d8cbf4cf853a7d79180",
          "version": null
        }
      }
    ]
  },
  "version": 1
}
